
Microsoft Visual Studio Solution File, Format Version 12.00
# Visual Studio Version 17
VisualStudioVersion = 17.5.33530.505
MinimumVisualStudioVersion = 10.0.40219.1
Project("{8BC9CEB8-8B4A-11D0-8D11-00A0C91BC942}") = "GUI", "GUI.vcxproj", "{F9B10EA4-6A47-46E1-ACC4-DA0C939FE8AD}"
EndProject
Global
	GlobalSection(SolutionConfigurationPlatforms) = preSolution
		Debug|x64 = Debug|x64
		Release|x64 = Release|x64
	EndGlobalSection
	GlobalSection(ProjectConfigurationPlatforms) = postSolution
		{F9B10EA4-6A47-46E1-ACC4-DA0C939FE8AD}.Debug|x64.ActiveCfg = Debug|x64
		{F9B10EA4-6A47-46E1-ACC4-DA0C939FE8AD}.Debug|x64.Build.0 = Debug|x64
		{F9B10EA4-6A47-46E1-ACC4-DA0C939FE8AD}.Release|x64.ActiveCfg = Release|x64
		{F9B10EA4-6A47-46E1-ACC4-DA0C939FE8AD}.Release|x64.Build.0 = Release|x64
	EndGlobalSection
	GlobalSection(SolutionProperties) = preSolution
		HideSolutionNode = FALSE
	EndGlobalSection
	GlobalSection(ExtensibilityGlobals) = postSolution
		SolutionGuid = {03DAAD01-BE91-4A1F-9143-F4A02CB46CD3}
	EndGlobalSection
EndGlobal
