
Microsoft Visual Studio Solution File, Format Version 12.00
# Visual Studio Version 17
VisualStudioVersion = 17.9.34714.143
MinimumVisualStudioVersion = 10.0.40219.1
Project("{FAE04EC0-301F-11D3-BF4B-00C04F79EFBC}") = "BasicDataValidator", "BasicDataValidator\BasicDataValidator.csproj", "{3FC673B9-9739-459B-98EC-C6F0B9EAE07D}"
EndProject
Global
	GlobalSection(SolutionConfigurationPlatforms) = preSolution
		Debug|Any CPU = Debug|Any CPU
		Release|Any CPU = Release|Any CPU
	EndGlobalSection
	GlobalSection(ProjectConfigurationPlatforms) = postSolution
		{3FC673B9-9739-459B-98EC-C6F0B9EAE07D}.Debug|Any CPU.ActiveCfg = Debug|Any CPU
		{3FC673B9-9739-459B-98EC-C6F0B9EAE07D}.Debug|Any CPU.Build.0 = Debug|Any CPU
		{3FC673B9-9739-459B-98EC-C6F0B9EAE07D}.Release|Any CPU.ActiveCfg = Release|Any CPU
		{3FC673B9-9739-459B-98EC-C6F0B9EAE07D}.Release|Any CPU.Build.0 = Release|Any CPU
	EndGlobalSection
	GlobalSection(SolutionProperties) = preSolution
		HideSolutionNode = FALSE
	EndGlobalSection
	GlobalSection(ExtensibilityGlobals) = postSolution
		SolutionGuid = {8CB25140-475F-4774-9F3D-A79E5885E4E0}
	EndGlobalSection
EndGlobal
